<?xml version="1.0" encoding="UTF-8" standalone="yes" ?>
<CodeBlocks_project_file>
	<FileVersion major="1" minor="6" />
	<Project>
		<Option title="wxDFedit" />
		<Option pch_mode="2" />
		<Option compiler="gcc" />
		<Build>
			<Target title="Debug">
				<Option output="bin/Debug/wxDFedit" prefix_auto="1" extension_auto="1" />
				<Option object_output="obj/Debug/" />
				<Option type="0" />
				<Option compiler="gcc" />
				<Option projectLinkerOptionsRelation="2" />
				<Compiler>
					<Add option="-g" />
					<Add option="`wx-config  --version=3.0 --static=yes --unicode=no --debug=yes --cflags`" />
				</Compiler>
				<Linker>
					<Add option="`wx-config  --version=3.0 --static=yes --unicode=no --debug=yes --libs`" />
				</Linker>
			</Target>
			<Target title="Release">
				<Option output="bin/Release/wxDFedit" prefix_auto="1" extension_auto="1" />
				<Option object_output="obj/Release/" />
				<Option type="0" />
				<Option compiler="gcc" />
				<Option projectLinkerOptionsRelation="2" />
				<Compiler>
					<Add option="-O2" />
					<Add option="`wx-config --cflags`" />
				</Compiler>
				<Linker>
					<Add option="-s" />
					<Add option="`wx-config --libs core, base, aui`" />
				</Linker>
			</Target>
		</Build>
		<Compiler>
			<Add option="-Wall" />
		</Compiler>
		<Unit filename="implementation/Castle.cpp" />
		<Unit filename="implementation/Castle.h" />
		<Unit filename="implementation/Division.cpp" />
		<Unit filename="implementation/Division.h" />
		<Unit filename="implementation/DragonForce.cpp" />
		<Unit filename="implementation/DragonForce.h" />
		<Unit filename="implementation/FileReader.cpp" />
		<Unit filename="implementation/FileReader.h" />
		<Unit filename="implementation/FileWriter.cpp" />
		<Unit filename="implementation/FileWriter.h" />
		<Unit filename="implementation/General.cpp" />
		<Unit filename="implementation/General.h" />
		<Unit filename="interface/DFTab.cpp" />
		<Unit filename="interface/DFTab.h" />
		<Unit filename="interface/GeneralsTab.cpp" />
		<Unit filename="interface/GeneralsTab.h" />
		<Unit filename="interface/wxDFeditApp.cpp" />
		<Unit filename="interface/wxDFeditApp.h" />
		<Unit filename="interface/wxDFeditMain.cpp" />
		<Unit filename="interface/wxDFeditMain.h" />
		<Extensions>
			<envvars />
			<code_completion />
			<debugger />
			<lib_finder disable_auto="1" />
		</Extensions>
	</Project>
</CodeBlocks_project_file>
